// !$*UTF8*$!
{
	archiveVersion = 1;
	classes = {
	};
	objectVersion = 46;
	objects = {

/* Begin PBXBuildFile section */
		CDFE47771BF822DE00F76D93 /* AppDelegate.swift in Sources */ = {isa = PBXBuildFile; fileRef = CDFE47761BF822DE00F76D93 /* AppDelegate.swift */; };
		CDFE47791BF822DE00F76D93 /* ViewController.swift in Sources */ = {isa = PBXBuildFile; fileRef = CDFE47781BF822DE00F76D93 /* ViewController.swift */; };
		CDFE477C1BF822DE00F76D93 /* Main.storyboard in Resources */ = {isa = PBXBuildFile; fileRef = CDFE477A1BF822DE00F76D93 /* Main.storyboard */; };
		CDFE477E1BF822DE00F76D93 /* Assets.xcassets in Resources */ = {isa = PBXBuildFile; fileRef = CDFE477D1BF822DE00F76D93 /* Assets.xcassets */; };
		CDFE47811BF822DE00F76D93 /* LaunchScreen.storyboard in Resources */ = {isa = PBXBuildFile; fileRef = CDFE477F1BF822DE00F76D93 /* LaunchScreen.storyboard */; };
		CDFE47A71BF8FB3000F76D93 /* Minecraft.ttf in Resources */ = {isa = PBXBuildFile; fileRef = CDFE47A61BF8FB3000F76D93 /* Minecraft.ttf */; };
		CDFE47A91BF90F0400F76D93 /* btn.wav in Resources */ = {isa = PBXBuildFile; fileRef = CDFE47A81BF90F0400F76D93 /* btn.wav */; };
/* End PBXBuildFile section */

/* Begin PBXFileReference section */
		CDFE47731BF822DE00F76D93 /* retroCalculator.app */ = {isa = PBXFileReference; explicitFileType = wrapper.application; includeInIndex = 0; path = retroCalculator.app; sourceTree = BUILT_PRODUCTS_DIR; };
		CDFE47761BF822DE00F76D93 /* AppDelegate.swift */ = {isa = PBXFileReference; lastKnownFileType = sourcecode.swift; path = AppDelegate.swift; sourceTree = "<group>"; };
		CDFE47781BF822DE00F76D93 /* ViewController.swift */ = {isa = PBXFileReference; lastKnownFileType = sourcecode.swift; path = ViewController.swift; sourceTree = "<group>"; };
		CDFE477B1BF822DE00F76D93 /* Base */ = {isa = PBXFileReference; lastKnownFileType = file.storyboard; name = Base; path = Base.lproj/Main.storyboard; sourceTree = "<group>"; };
		CDFE477D1BF822DE00F76D93 /* Assets.xcassets */ = {isa = PBXFileReference; lastKnownFileType = folder.assetcatalog; path = Assets.xcassets; sourceTree = "<group>"; };
		CDFE47801BF822DE00F76D93 /* Base */ = {isa = PBXFileReference; lastKnownFileType = file.storyboard; name = Base; path = Base.lproj/LaunchScreen.storyboard; sourceTree = "<group>"; };
		CDFE47821BF822DE00F76D93 /* Info.plist */ = {isa = PBXFileReference; lastKnownFileType = text.plist.xml; path = Info.plist; sourceTree = "<group>"; };
		CDFE47A61BF8FB3000F76D93 /* Minecraft.ttf */ = {isa = PBXFileReference; lastKnownFileType = file; path = Minecraft.ttf; sourceTree = "<group>"; };
		CDFE47A81BF90F0400F76D93 /* btn.wav */ = {isa = PBXFileReference; lastKnownFileType = audio.wav; path = btn.wav; sourceTree = "<group>"; };
/* End PBXFileReference section */

/* Begin PBXFrameworksBuildPhase section */
		CDFE47701BF822DE00F76D93 /* Frameworks */ = {
			isa = PBXFrameworksBuildPhase;
			buildActionMask = 2147483647;
			files = (
			);
			runOnlyForDeploymentPostprocessing = 0;
		};
/* End PBXFrameworksBuildPhase section */

/* Begin PBXGroup section */
		CDFE476A1BF822DD00F76D93 = {
			isa = PBXGroup;
			children = (
				CDFE47751BF822DE00F76D93 /* retroCalculator */,
				CDFE47741BF822DE00F76D93 /* Products */,
			);
			sourceTree = "<group>";
		};
		CDFE47741BF822DE00F76D93 /* Products */ = {
			isa = PBXGroup;
			children = (
				CDFE47731BF822DE00F76D93 /* retroCalculator.app */,
			);
			name = Products;
			sourceTree = "<group>";
		};
		CDFE47751BF822DE00F76D93 /* retroCalculator */ = {
			isa = PBXGroup;
			children = (
				CDFE47A61BF8FB3000F76D93 /* Minecraft.ttf */,
				CDFE47A81BF90F0400F76D93 /* btn.wav */,
				CDFE47761BF822DE00F76D93 /* AppDelegate.swift */,
				CDFE47781BF822DE00F76D93 /* ViewController.swift */,
				CDFE477A1BF822DE00F76D93 /* Main.storyboard */,
				CDFE477D1BF822DE00F76D93 /* Assets.xcassets */,
				CDFE477F1BF822DE00F76D93 /* LaunchScreen.storyboard */,
				CDFE47821BF822DE00F76D93 /* Info.plist */,
			);
			path = retroCalculator;
			sourceTree = "<group>";
		};
/* End PBXGroup section */

/* Begin PBXNativeTarget section */
		CDFE47721BF822DE00F76D93 /* retroCalculator */ = {
			isa = PBXNativeTarget;
			buildConfigurationList = CDFE47851BF822DE00F76D93 /* Build configuration list for PBXNativeTarget "retroCalculator" */;
			buildPhases = (
				CDFE476F1BF822DE00F76D93 /* Sources */,
				CDFE47701BF822DE00F76D93 /* Frameworks */,
				CDFE47711BF822DE00F76D93 /* Resources */,
			);
			buildRules = (
			);
			dependencies = (
			);
			name = retroCalculator;
			productName = retroCalculator;
			productReference = CDFE47731BF822DE00F76D93 /* retroCalculator.app */;
			productType = "com.apple.product-type.application";
		};
/* End PBXNativeTarget section */

/* Begin PBXProject section */
		CDFE476B1BF822DD00F76D93 /* Project object */ = {
			isa = PBXProject;
			attributes = {
				LastUpgradeCheck = 0710;
				ORGANIZATIONNAME = "shawn murray";
				TargetAttributes = {
					CDFE47721BF822DE00F76D93 = {
						CreatedOnToolsVersion = 7.1;
						DevelopmentTeam = YBE5448SV3;
					};
				};
			};
			buildConfigurationList = CDFE476E1BF822DD00F76D93 /* Build configuration list for PBXProject "retroCalculator" */;
			compatibilityVersion = "Xcode 3.2";
			developmentRegion = English;
			hasScannedForEncodings = 0;
			knownRegions = (
				en,
				Base,
			);
			mainGroup = CDFE476A1BF822DD00F76D93;
			productRefGroup = CDFE47741BF822DE00F76D93 /* Products */;
			projectDirPath = "";
			projectRoot = "";
			targets = (
				CDFE47721BF822DE00F76D93 /* retroCalculator */,
			);
		};
/* End PBXProject section */

/* Begin PBXResourcesBuildPhase section */
		CDFE47711BF822DE00F76D93 /* Resources */ = {
			isa = PBXResourcesBuildPhase;
			buildActionMask = 2147483647;
			files = (
				CDFE47A91BF90F0400F76D93 /* btn.wav in Resources */,
				CDFE47811BF822DE00F76D93 /* LaunchScreen.storyboard in Resources */,
				CDFE477E1BF822DE00F76D93 /* Assets.xcassets in Resources */,
				CDFE47A71BF8FB3000F76D93 /* Minecraft.ttf in Resources */,
				CDFE477C1BF822DE00F76D93 /* Main.storyboard in Resources */,
			);
			runOnlyForDeploymentPostprocessing = 0;
		};
/* End PBXResourcesBuildPhase section */

/* Begin PBXSourcesBuildPhase section */
		CDFE476F1BF822DE00F76D93 /* Sources */ = {
			isa = PBXSourcesBuildPhase;
			buildActionMask = 2147483647;
			files = (
				CDFE47791BF822DE00F76D93 /* ViewController.swift in Sources */,
				CDFE47771BF822DE00F76D93 /* AppDelegate.swift in Sources */,
			);
			runOnlyForDeploymentPostprocessing = 0;
		};
/* End PBXSourcesBuildPhase section */

/* Begin PBXVariantGroup section */
		CDFE477A1BF822DE00F76D93 /* Main.storyboard */ = {
			isa = PBXVariantGroup;
			children = (
				CDFE477B1BF822DE00F76D93 /* Base */,
			);
			name = Main.storyboard;
			sourceTree = "<group>";
		};
		CDFE477F1BF822DE00F76D93 /* LaunchScreen.storyboard */ = {
			isa = PBXVariantGroup;
			children = (
				CDFE47801BF822DE00F76D93 /* Base */,
			);
			name = LaunchScreen.storyboard;
			sourceTree = "<group>";
		};
/* End PBXVariantGroup section */

/* Begin XCBuildConfiguration section */
		CDFE47831BF822DE00F76D93 /* Debug */ = {
			isa = XCBuildConfiguration;
			buildSettings = {
				ALWAYS_SEARCH_USER_PATHS = NO;
				CLANG_CXX_LANGUAGE_STANDARD = "gnu++0x";
				CLANG_CXX_LIBRARY = "libc++";
				CLANG_ENABLE_MODULES = YES;
				CLANG_ENABLE_OBJC_ARC = YES;
				CLANG_WARN_BOOL_CONVERSION = YES;
				CLANG_WARN_CONSTANT_CONVERSION = YES;
				CLANG_WARN_DIRECT_OBJC_ISA_USAGE = YES_ERROR;
				CLANG_WARN_EMPTY_BODY = YES;
				CLANG_WARN_ENUM_CONVERSION = YES;
				CLANG_WARN_INT_CONVERSION = YES;
				CLANG_WARN_OBJC_ROOT_CLASS = YES_ERROR;
				CLANG_WARN_UNREACHABLE_CODE = YES;
				CLANG_WARN__DUPLICATE_METHOD_MATCH = YES;
				"CODE_SIGN_IDENTITY[sdk=iphoneos*]" = "iPhone Developer";
				COPY_PHASE_STRIP = NO;
				DEBUG_INFORMATION_FORMAT = dwarf;
				ENABLE_STRICT_OBJC_MSGSEND = YES;
				ENABLE_TESTABILITY = YES;
				GCC_C_LANGUAGE_STANDARD = gnu99;
				GCC_DYNAMIC_NO_PIC = NO;
				GCC_NO_COMMON_BLOCKS = YES;
				GCC_OPTIMIZATION_LEVEL = 0;
				GCC_PREPROCESSOR_DEFINITIONS = (
					"DEBUG=1",
					"$(inherited)",
				);
				GCC_WARN_64_TO_32_BIT_CONVERSION = YES;
				GCC_WARN_ABOUT_RETURN_TYPE = YES_ERROR;
				GCC_WARN_UNDECLARED_SELECTOR = YES;
				GCC_WARN_UNINITIALIZED_AUTOS = YES_AGGRESSIVE;
				GCC_WARN_UNUSED_FUNCTION = YES;
				GCC_WARN_UNUSED_VARIABLE = YES;
				IPHONEOS_DEPLOYMENT_TARGET = 9.1;
				MTL_ENABLE_DEBUG_INFO = YES;
				ONLY_ACTIVE_ARCH = YES;
				SDKROOT = iphoneos;
				SWIFT_OPTIMIZATION_LEVEL = "-Onone";
			};
			name = Debug;
		};
		CDFE47841BF822DE00F76D93 /* Release */ = {
			isa = XCBuildConfiguration;
			buildSettings = {
				ALWAYS_SEARCH_USER_PATHS = NO;
				CLANG_CXX_LANGUAGE_STANDARD = "gnu++0x";
				CLANG_CXX_LIBRARY = "libc++";
				CLANG_ENABLE_MODULES = YES;
				CLANG_ENABLE_OBJC_ARC = YES;
				CLANG_WARN_BOOL_CONVERSION = YES;
				CLANG_WARN_CONSTANT_CONVERSION = YES;
				CLANG_WARN_DIRECT_OBJC_ISA_USAGE = YES_ERROR;
				CLANG_WARN_EMPTY_BODY = YES;
				CLANG_WARN_ENUM_CONVERSION = YES;
				CLANG_WARN_INT_CONVERSION = YES;
				CLANG_WARN_OBJC_ROOT_CLASS = YES_ERROR;
				CLANG_WARN_UNREACHABLE_CODE = YES;
				CLANG_WARN__DUPLICATE_METHOD_MATCH = YES;
				"CODE_SIGN_IDENTITY[sdk=iphoneos*]" = "iPhone Developer";
				COPY_PHASE_STRIP = NO;
				DEBUG_INFORMATION_FORMAT = "dwarf-with-dsym";
				ENABLE_NS_ASSERTIONS = NO;
				ENABLE_STRICT_OBJC_MSGSEND = YES;
				GCC_C_LANGUAGE_STANDARD = gnu99;
				GCC_NO_COMMON_BLOCKS = YES;
				GCC_WARN_64_TO_32_BIT_CONVERSION = YES;
				GCC_WARN_ABOUT_RETURN_TYPE = YES_ERROR;
				GCC_WARN_UNDECLARED_SELECTOR = YES;
				GCC_WARN_UNINITIALIZED_AUTOS = YES_AGGRESSIVE;
				GCC_WARN_UNUSED_FUNCTION = YES;
				GCC_WARN_UNUSED_VARIABLE = YES;
				IPHONEOS_DEPLOYMENT_TARGET = 9.1;
				MTL_ENABLE_DEBUG_INFO = NO;
				SDKROOT = iphoneos;
				VALIDATE_PRODUCT = YES;
			};
			name = Release;
		};
		CDFE47861BF822DE00F76D93 /* Debug */ = {
			isa = XCBuildConfiguration;
			buildSettings = {
				ASSETCATALOG_COMPILER_APPICON_NAME = AppIcon;
				INFOPLIST_FILE = retroCalculator/Info.plist;
				LD_RUNPATH_SEARCH_PATHS = "$(inherited) @executable_path/Frameworks";
				PRODUCT_BUNDLE_IDENTIFIER = com.Project.retroCalculator;
				PRODUCT_NAME = "$(TARGET_NAME)";
			};
			name = Debug;
		};
		CDFE47871BF822DE00F76D93 /* Release */ = {
			isa = XCBuildConfiguration;
			buildSettings = {
				ASSETCATALOG_COMPILER_APPICON_NAME = AppIcon;
				INFOPLIST_FILE = retroCalculator/Info.plist;
				LD_RUNPATH_SEARCH_PATHS = "$(inherited) @executable_path/Frameworks";
				PRODUCT_BUNDLE_IDENTIFIER = com.Project.retroCalculator;
				PRODUCT_NAME = "$(TARGET_NAME)";
			};
			name = Release;
		};
/* End XCBuildConfiguration section */

/* Begin XCConfigurationList section */
		CDFE476E1BF822DD00F76D93 /* Build configuration list for PBXProject "retroCalculator" */ = {
			isa = XCConfigurationList;
			buildConfigurations = (
				CDFE47831BF822DE00F76D93 /* Debug */,
				CDFE47841BF822DE00F76D93 /* Release */,
			);
			defaultConfigurationIsVisible = 0;
			defaultConfigurationName = Release;
		};
		CDFE47851BF822DE00F76D93 /* Build configuration list for PBXNativeTarget "retroCalculator" */ = {
			isa = XCConfigurationList;
			buildConfigurations = (
				CDFE47861BF822DE00F76D93 /* Debug */,
				CDFE47871BF822DE00F76D93 /* Release */,
			);
			defaultConfigurationIsVisible = 0;
		};
/* End XCConfigurationList section */
	};
	rootObject = CDFE476B1BF822DD00F76D93 /* Project object */;
}
